{
  "object": {
    "pins": [
      {
        "package": "RxBluetoothKit",
        "repositoryURL": "https://github.com/andrwturk/RxBluetoothKit",
        "state": {
          "branch": null,
          "revision": "1f0fb6f5918d4536bdc5a7d98265a248b269f954",
          "version": "6.0.1"
        }
      },
      {
        "package": "RxSwift",
        "repositoryURL": "https://github.com/ReactiveX/RxSwift.git",
        "state": {
          "branch": null,
          "revision": "b4307ba0b6425c0ba4178e138799946c3da594f8",
          "version": "6.5.0"
        }
      }
    ]
  },
  "version": 1
}
